{
  "name": "sample",
  "version": "1.0.0",
  "lockfileVersion": 3,
  "requires": true,
  "packages": {
    "": {
      "name": "sample",
      "version": "1.0.0",
      "license": "ISC",
      "dependencies": {
        "@faker-js/faker": "^9.9.0",
        "@prisma/client": "^6.12.0"
      }
    },
    "node_modules/@faker-js/faker": {
      "version": "9.9.0",
      "resolved": "https://registry.npmjs.org/@faker-js/faker/-/faker-9.9.0.tgz",
      "integrity": "sha512-OEl393iCOoo/z8bMezRlJu+GlRGlsKbUAN7jKB6LhnKoqKve5DXRpalbItIIcwnCjs1k/FOPjFzcA6Qn+H+YbA==",
      "funding": [
        {
          "type": "opencollective",
          "url": "https://opencollective.com/fakerjs"
        }
      ],
      "license": "MIT",
      "engines": {
        "node": ">=18.0.0",
        "npm": ">=9.0.0"
      }
    },
    "node_modules/@prisma/client": {
      "version": "6.14.0",
      "resolved": "https://registry.npmjs.org/@prisma/client/-/client-6.14.0.tgz",
      "integrity": "sha512-8E/Nk3eL5g7RQIg/LUj1ICyDmhD053STjxrPxUtCRybs2s/2sOEcx9NpITuAOPn07HEpWBfhAVe1T/HYWXUPOw==",
      "hasInstallScript": true,
      "license": "Apache-2.0",
      "engines": {
        "node": ">=18.18"
      },
      "peerDependencies": {
        "prisma": "*",
        "typescript": ">=5.1.0"
      },
      "peerDependenciesMeta": {
        "prisma": {
          "optional": true
        },
        "typescript": {
          "optional": true
        }
      }
    }
  }
}
